
Microsoft Visual Studio Solution File, Format Version 12.00
# Visual Studio Version 17
VisualStudioVersion = 17.9.34622.214
MinimumVisualStudioVersion = 10.0.40219.1
Project("{9A19103F-16F7-4668-BE54-9A1E7A4F7556}") = "sendEmail", "sendEmail\sendEmail.csproj", "{CC01AA48-13BC-4E76-A9BE-26AE9A208DD7}"
EndProject
Project("{FAE04EC0-301F-11D3-BF4B-00C04F79EFBC}") = "MiraeHandleReport", "MiraeHandleReport\MiraeHandleReport.csproj", "{92386F3E-3CA4-4FC7-A2BF-1BDF9927E47E}"
EndProject
Global
	GlobalSection(SolutionConfigurationPlatforms) = preSolution
		Debug|Any CPU = Debug|Any CPU
		Release|Any CPU = Release|Any CPU
	EndGlobalSection
	GlobalSection(ProjectConfigurationPlatforms) = postSolution
		{CC01AA48-13BC-4E76-A9BE-26AE9A208DD7}.Debug|Any CPU.ActiveCfg = Debug|Any CPU
		{CC01AA48-13BC-4E76-A9BE-26AE9A208DD7}.Debug|Any CPU.Build.0 = Debug|Any CPU
		{CC01AA48-13BC-4E76-A9BE-26AE9A208DD7}.Release|Any CPU.ActiveCfg = Release|Any CPU
		{CC01AA48-13BC-4E76-A9BE-26AE9A208DD7}.Release|Any CPU.Build.0 = Release|Any CPU
		{92386F3E-3CA4-4FC7-A2BF-1BDF9927E47E}.Debug|Any CPU.ActiveCfg = Debug|Any CPU
		{92386F3E-3CA4-4FC7-A2BF-1BDF9927E47E}.Debug|Any CPU.Build.0 = Debug|Any CPU
		{92386F3E-3CA4-4FC7-A2BF-1BDF9927E47E}.Release|Any CPU.ActiveCfg = Release|Any CPU
		{92386F3E-3CA4-4FC7-A2BF-1BDF9927E47E}.Release|Any CPU.Build.0 = Release|Any CPU
	EndGlobalSection
	GlobalSection(SolutionProperties) = preSolution
		HideSolutionNode = FALSE
	EndGlobalSection
	GlobalSection(ExtensibilityGlobals) = postSolution
		SolutionGuid = {31129CDF-127B-4D83-9021-C78000D431D6}
	EndGlobalSection
EndGlobal
